
Microsoft Visual Studio Solution File, Format Version 12.00
# Visual Studio 15
VisualStudioVersion = 15.0.27428.2043
MinimumVisualStudioVersion = 10.0.40219.1
Project("{FAE04EC0-301F-11D3-BF4B-00C04F79EFBC}") = "HashSetDemo", "HashSetDemo\HashSetDemo.csproj", "{CA26309A-DBB4-42ED-BA24-00DC7129BF2A}"
EndProject
Global
	GlobalSection(SolutionConfigurationPlatforms) = preSolution
		Debug|Any CPU = Debug|Any CPU
		Release|Any CPU = Release|Any CPU
	EndGlobalSection
	GlobalSection(ProjectConfigurationPlatforms) = postSolution
		{CA26309A-DBB4-42ED-BA24-00DC7129BF2A}.Debug|Any CPU.ActiveCfg = Debug|Any CPU
		{CA26309A-DBB4-42ED-BA24-00DC7129BF2A}.Debug|Any CPU.Build.0 = Debug|Any CPU
		{CA26309A-DBB4-42ED-BA24-00DC7129BF2A}.Release|Any CPU.ActiveCfg = Release|Any CPU
		{CA26309A-DBB4-42ED-BA24-00DC7129BF2A}.Release|Any CPU.Build.0 = Release|Any CPU
	EndGlobalSection
	GlobalSection(SolutionProperties) = preSolution
		HideSolutionNode = FALSE
	EndGlobalSection
	GlobalSection(ExtensibilityGlobals) = postSolution
		SolutionGuid = {E374EBFF-B75E-453F-BE30-176B96CFC734}
	EndGlobalSection
EndGlobal
