
Microsoft Visual Studio Solution File, Format Version 12.00
# Visual Studio 15
VisualStudioVersion = 15.0.27428.2043
MinimumVisualStudioVersion = 10.0.40219.1
Project("{FAE04EC0-301F-11D3-BF4B-00C04F79EFBC}") = "AssignmentMichaelSingh", "AssignmentMichaelSingh\AssignmentMichaelSingh.csproj", "{4EB07C6C-6642-479D-8CC6-EA85A5E90B04}"
EndProject
Global
	GlobalSection(SolutionConfigurationPlatforms) = preSolution
		Debug|Any CPU = Debug|Any CPU
		Release|Any CPU = Release|Any CPU
	EndGlobalSection
	GlobalSection(ProjectConfigurationPlatforms) = postSolution
		{4EB07C6C-6642-479D-8CC6-EA85A5E90B04}.Debug|Any CPU.ActiveCfg = Debug|Any CPU
		{4EB07C6C-6642-479D-8CC6-EA85A5E90B04}.Debug|Any CPU.Build.0 = Debug|Any CPU
		{4EB07C6C-6642-479D-8CC6-EA85A5E90B04}.Release|Any CPU.ActiveCfg = Release|Any CPU
		{4EB07C6C-6642-479D-8CC6-EA85A5E90B04}.Release|Any CPU.Build.0 = Release|Any CPU
	EndGlobalSection
	GlobalSection(SolutionProperties) = preSolution
		HideSolutionNode = FALSE
	EndGlobalSection
	GlobalSection(ExtensibilityGlobals) = postSolution
		SolutionGuid = {19988199-04F2-4641-BA2D-ED59A7801C21}
	EndGlobalSection
EndGlobal
