
Microsoft Visual Studio Solution File, Format Version 12.00
# Visual Studio 15
VisualStudioVersion = 15.0.27428.2043
MinimumVisualStudioVersion = 10.0.40219.1
Project("{FAE04EC0-301F-11D3-BF4B-00C04F79EFBC}") = "MichaelSinghAssignment", "MichaelSinghAssignment\MichaelSinghAssignment.csproj", "{944B8BBB-983B-4706-90A1-EF7A05A49523}"
EndProject
Global
	GlobalSection(SolutionConfigurationPlatforms) = preSolution
		Debug|Any CPU = Debug|Any CPU
		Release|Any CPU = Release|Any CPU
	EndGlobalSection
	GlobalSection(ProjectConfigurationPlatforms) = postSolution
		{944B8BBB-983B-4706-90A1-EF7A05A49523}.Debug|Any CPU.ActiveCfg = Debug|Any CPU
		{944B8BBB-983B-4706-90A1-EF7A05A49523}.Debug|Any CPU.Build.0 = Debug|Any CPU
		{944B8BBB-983B-4706-90A1-EF7A05A49523}.Release|Any CPU.ActiveCfg = Release|Any CPU
		{944B8BBB-983B-4706-90A1-EF7A05A49523}.Release|Any CPU.Build.0 = Release|Any CPU
	EndGlobalSection
	GlobalSection(SolutionProperties) = preSolution
		HideSolutionNode = FALSE
	EndGlobalSection
	GlobalSection(ExtensibilityGlobals) = postSolution
		SolutionGuid = {DB5DA33E-5F00-40EF-8A70-BE9DCFC08822}
	EndGlobalSection
EndGlobal
