
Microsoft Visual Studio Solution File, Format Version 12.00
# Visual Studio 15
VisualStudioVersion = 15.0.27428.2043
MinimumVisualStudioVersion = 10.0.40219.1
Project("{FAE04EC0-301F-11D3-BF4B-00C04F79EFBC}") = "HashTableDemo", "HashTableDemo\HashTableDemo.csproj", "{DF1898ED-D9A4-42EA-B85D-E0DB5F0EC206}"
EndProject
Global
	GlobalSection(SolutionConfigurationPlatforms) = preSolution
		Debug|Any CPU = Debug|Any CPU
		Release|Any CPU = Release|Any CPU
	EndGlobalSection
	GlobalSection(ProjectConfigurationPlatforms) = postSolution
		{DF1898ED-D9A4-42EA-B85D-E0DB5F0EC206}.Debug|Any CPU.ActiveCfg = Debug|Any CPU
		{DF1898ED-D9A4-42EA-B85D-E0DB5F0EC206}.Debug|Any CPU.Build.0 = Debug|Any CPU
		{DF1898ED-D9A4-42EA-B85D-E0DB5F0EC206}.Release|Any CPU.ActiveCfg = Release|Any CPU
		{DF1898ED-D9A4-42EA-B85D-E0DB5F0EC206}.Release|Any CPU.Build.0 = Release|Any CPU
	EndGlobalSection
	GlobalSection(SolutionProperties) = preSolution
		HideSolutionNode = FALSE
	EndGlobalSection
	GlobalSection(ExtensibilityGlobals) = postSolution
		SolutionGuid = {0602E8B3-DECE-4324-914B-CC68AF6A8CCA}
	EndGlobalSection
EndGlobal
